
Microsoft Visual Studio Solution File, Format Version 12.00
# Visual Studio Version 16
VisualStudioVersion = 16.0.30225.117
MinimumVisualStudioVersion = 10.0.40219.1
Project("{FAE04EC0-301F-11D3-BF4B-00C04F79EFBC}") = "WebApplicationJquery", "WebApplicationJquery.csproj", "{7D6F5F7B-F7E0-4A3F-8B24-1532FF05712E}"
EndProject
Global
	GlobalSection(SolutionConfigurationPlatforms) = preSolution
		Debug|Any CPU = Debug|Any CPU
		Release|Any CPU = Release|Any CPU
	EndGlobalSection
	GlobalSection(ProjectConfigurationPlatforms) = postSolution
		{7D6F5F7B-F7E0-4A3F-8B24-1532FF05712E}.Debug|Any CPU.ActiveCfg = Debug|Any CPU
		{7D6F5F7B-F7E0-4A3F-8B24-1532FF05712E}.Debug|Any CPU.Build.0 = Debug|Any CPU
		{7D6F5F7B-F7E0-4A3F-8B24-1532FF05712E}.Release|Any CPU.ActiveCfg = Release|Any CPU
		{7D6F5F7B-F7E0-4A3F-8B24-1532FF05712E}.Release|Any CPU.Build.0 = Release|Any CPU
	EndGlobalSection
	GlobalSection(SolutionProperties) = preSolution
		HideSolutionNode = FALSE
	EndGlobalSection
	GlobalSection(ExtensibilityGlobals) = postSolution
		SolutionGuid = {67FD552A-BAB2-48CC-A489-09C8CBED61EB}
	EndGlobalSection
EndGlobal
